github.com/DusanKasan/parsemail v1.0.1 h1:mQoh40At3H9uQU1vSgH6W2zH7n3cj1AXBX9gDb9a45A=
github.com/DusanKasan/parsemail v1.0.1/go.mod h1:zd9d2oogN9BpEVaJd6d+iaEiZylyquz3CfekNUEAKnA=
github.com/gomarkdown/markdown v0.0.0-20200316172748-fd1f3374857d h1:cFE/VFoUSjvIjrkI3YHGUYReJTIPN4fl2etwblBZfgg=
github.com/gomarkdown/markdown v0.0.0-20200316172748-fd1f3374857d/go.mod h1:aii0r/K0ZnHv7G0KF7xy1v0A7s2Ljrb5byB7MO5p6TU=
github.com/itsthewall/parsemail v1.0.3 h1:QrYj9HJLltFs7E84c7oeFK+RcbpCHbjoZdBlC4JL+gI=
github.com/itsthewall/parsemail v1.0.3/go.mod h1:qj88ULbA6v+uRRmOXeorZzeY5ME+DpNUy9zkox4CS+E=
github.com/lib/pq v1.3.0 h1:/qkRGz8zljWiDcFvgpwUpwIAPu3r07TDvs3Rws+o/pU=
github.com/lib/pq v1.3.0/go.mod h1:5WUZQaWbwv1U+lTReE5YruASi9Al49XbQIvNi/34Woo=
github.com/sendgrid/rest v1.0.2 h1:xdfALkR1m9eqf41/zEnUmV0fw4b31ZzGZ4Dj5f2/w04=
github.com/sendgrid/rest v2.4.1+incompatible h1:HDib/5xzQREPq34lN3YMhQtMkdXxS/qLp5G3k9a5++4=
github.com/sendgrid/rest v2.4.1+incompatible/go.mod h1:kXX7q3jZtJXK5c5qK83bSGMdV6tsOE70KbHoqJls4lE=
github.com/sendgrid/sendgrid-go v1.2.0 h1:2K3teZdhaPe12ftFyFL4AWDH4QmNPc+sCi6mWFx5+oo=
github.com/sendgrid/sendgrid-go v3.5.0+incompatible h1:kosbgHyNVYVaqECDYvFVLVD9nvThweBd6xp7vaCT3GI=
github.com/sendgrid/sendgrid-go v3.5.0+incompatible/go.mod h1:QRQt+LX/NmgVEvmdRw0VT/QgUn499+iza2FnDca9fg8=
golang.org/dl v0.0.0-20190829154251-82a15e2f2ead/go.mod h1:IUMfjQLJQd4UTqG1Z90tenwKoCX93Gn3MAQJMOSBsDQ=
